
Microsoft Visual Studio Solution File, Format Version 12.00
# Visual Studio Version 16
VisualStudioVersion = 16.0.30011.22
MinimumVisualStudioVersion = 10.0.40219.1
Project("{FAE04EC0-301F-11D3-BF4B-00C04F79EFBC}") = "NewsPortal", "NewsPortal\NewsPortal.csproj", "{CA5CAB73-DFC7-4688-80DB-F8968DD0620D}"
EndProject
Project("{9A19103F-16F7-4668-BE54-9A1E7A4F7556}") = "Business", "Business\Business.csproj", "{9F44E825-E6D4-4B1E-A669-5602ABE5E9AC}"
EndProject
Project("{9A19103F-16F7-4668-BE54-9A1E7A4F7556}") = "NHibernate.DAL", "NHibernate.DAL\NHibernate.DAL.csproj", "{DD6ABA5B-EC5F-4FF5-BD8C-E7D3F7F0DE05}"
EndProject
Project("{9A19103F-16F7-4668-BE54-9A1E7A4F7556}") = "EF.DAL", "EF.DAL\EF.DAL.csproj", "{95C4A5E1-AC34-471F-AA06-840E91E2DBEC}"
EndProject
Project("{9A19103F-16F7-4668-BE54-9A1E7A4F7556}") = "Xml.DAL", "Xml.DAL\Xml.DAL.csproj", "{5E8520EC-4EBB-4E9D-9095-356A351B9C1B}"
EndProject
Project("{FAE04EC0-301F-11D3-BF4B-00C04F79EFBC}") = "Cache", "Cache\Cache.csproj", "{C114D871-6B1F-4E98-8A75-E19DF07E586E}"
EndProject
Global
	GlobalSection(SolutionConfigurationPlatforms) = preSolution
		Debug|Any CPU = Debug|Any CPU
		Release|Any CPU = Release|Any CPU
	EndGlobalSection
	GlobalSection(ProjectConfigurationPlatforms) = postSolution
		{CA5CAB73-DFC7-4688-80DB-F8968DD0620D}.Debug|Any CPU.ActiveCfg = Debug|Any CPU
		{CA5CAB73-DFC7-4688-80DB-F8968DD0620D}.Debug|Any CPU.Build.0 = Debug|Any CPU
		{CA5CAB73-DFC7-4688-80DB-F8968DD0620D}.Release|Any CPU.ActiveCfg = Release|Any CPU
		{CA5CAB73-DFC7-4688-80DB-F8968DD0620D}.Release|Any CPU.Build.0 = Release|Any CPU
		{9F44E825-E6D4-4B1E-A669-5602ABE5E9AC}.Debug|Any CPU.ActiveCfg = Debug|Any CPU
		{9F44E825-E6D4-4B1E-A669-5602ABE5E9AC}.Debug|Any CPU.Build.0 = Debug|Any CPU
		{9F44E825-E6D4-4B1E-A669-5602ABE5E9AC}.Release|Any CPU.ActiveCfg = Release|Any CPU
		{9F44E825-E6D4-4B1E-A669-5602ABE5E9AC}.Release|Any CPU.Build.0 = Release|Any CPU
		{DD6ABA5B-EC5F-4FF5-BD8C-E7D3F7F0DE05}.Debug|Any CPU.ActiveCfg = Debug|Any CPU
		{DD6ABA5B-EC5F-4FF5-BD8C-E7D3F7F0DE05}.Debug|Any CPU.Build.0 = Debug|Any CPU
		{DD6ABA5B-EC5F-4FF5-BD8C-E7D3F7F0DE05}.Release|Any CPU.ActiveCfg = Release|Any CPU
		{DD6ABA5B-EC5F-4FF5-BD8C-E7D3F7F0DE05}.Release|Any CPU.Build.0 = Release|Any CPU
		{95C4A5E1-AC34-471F-AA06-840E91E2DBEC}.Debug|Any CPU.ActiveCfg = Debug|Any CPU
		{95C4A5E1-AC34-471F-AA06-840E91E2DBEC}.Debug|Any CPU.Build.0 = Debug|Any CPU
		{95C4A5E1-AC34-471F-AA06-840E91E2DBEC}.Release|Any CPU.ActiveCfg = Release|Any CPU
		{95C4A5E1-AC34-471F-AA06-840E91E2DBEC}.Release|Any CPU.Build.0 = Release|Any CPU
		{5E8520EC-4EBB-4E9D-9095-356A351B9C1B}.Debug|Any CPU.ActiveCfg = Debug|Any CPU
		{5E8520EC-4EBB-4E9D-9095-356A351B9C1B}.Debug|Any CPU.Build.0 = Debug|Any CPU
		{5E8520EC-4EBB-4E9D-9095-356A351B9C1B}.Release|Any CPU.ActiveCfg = Release|Any CPU
		{5E8520EC-4EBB-4E9D-9095-356A351B9C1B}.Release|Any CPU.Build.0 = Release|Any CPU
		{C114D871-6B1F-4E98-8A75-E19DF07E586E}.Debug|Any CPU.ActiveCfg = Debug|Any CPU
		{C114D871-6B1F-4E98-8A75-E19DF07E586E}.Debug|Any CPU.Build.0 = Debug|Any CPU
		{C114D871-6B1F-4E98-8A75-E19DF07E586E}.Release|Any CPU.ActiveCfg = Release|Any CPU
		{C114D871-6B1F-4E98-8A75-E19DF07E586E}.Release|Any CPU.Build.0 = Release|Any CPU
	EndGlobalSection
	GlobalSection(SolutionProperties) = preSolution
		HideSolutionNode = FALSE
	EndGlobalSection
	GlobalSection(ExtensibilityGlobals) = postSolution
		SolutionGuid = {4144AE9C-D681-481B-9B15-39A6B0862A79}
	EndGlobalSection
EndGlobal
